// !$*UTF8*$!
{
	archiveVersion = 1;
	classes = {
	};
	objectVersion = 50;
	objects = {

/* Begin PBXBuildFile section */
		4E09F0B5BAFAA4E74C3D21A1 /* Pods_IosAssignment.framework in Frameworks */ = {isa = PBXBuildFile; fileRef = 5C60F208C73D13878210082B /* Pods_IosAssignment.framework */; };
		92664720230A5E6C003BCD13 /* RowsModel.swift in Sources */ = {isa = PBXBuildFile; fileRef = 9266471F230A5E6C003BCD13 /* RowsModel.swift */; };
		92664723230A5E92003BCD13 /* APILayer.swift in Sources */ = {isa = PBXBuildFile; fileRef = 92664722230A5E92003BCD13 /* APILayer.swift */; };
		92664726230A5EC0003BCD13 /* ProfileViewModel.swift in Sources */ = {isa = PBXBuildFile; fileRef = 92664725230A5EC0003BCD13 /* ProfileViewModel.swift */; };
		9266472A230A87A6003BCD13 /* checkInternet.swift in Sources */ = {isa = PBXBuildFile; fileRef = 92664729230A87A6003BCD13 /* checkInternet.swift */; };
		929E0C49230C69FD00CF35EF /* Title.swift in Sources */ = {isa = PBXBuildFile; fileRef = 929E0C48230C69FD00CF35EF /* Title.swift */; };
		92F9B493230A39F40085D033 /* AppDelegate.swift in Sources */ = {isa = PBXBuildFile; fileRef = 92F9B492230A39F40085D033 /* AppDelegate.swift */; };
		92F9B495230A39F40085D033 /* ViewController.swift in Sources */ = {isa = PBXBuildFile; fileRef = 92F9B494230A39F40085D033 /* ViewController.swift */; };
		92F9B498230A39F40085D033 /* Main.storyboard in Resources */ = {isa = PBXBuildFile; fileRef = 92F9B496230A39F40085D033 /* Main.storyboard */; };
		92F9B49A230A39F40085D033 /* Assets.xcassets in Resources */ = {isa = PBXBuildFile; fileRef = 92F9B499230A39F40085D033 /* Assets.xcassets */; };
		92F9B49D230A39F40085D033 /* LaunchScreen.storyboard in Resources */ = {isa = PBXBuildFile; fileRef = 92F9B49B230A39F40085D033 /* LaunchScreen.storyboard */; };
		92F9B4A8230A39F50085D033 /* IosAssignmentTests.swift in Sources */ = {isa = PBXBuildFile; fileRef = 92F9B4A7230A39F50085D033 /* IosAssignmentTests.swift */; };
		92F9B4B3230A39F50085D033 /* IosAssignmentUITests.swift in Sources */ = {isa = PBXBuildFile; fileRef = 92F9B4B2230A39F50085D033 /* IosAssignmentUITests.swift */; };
		92F9B4C5230A56170085D033 /* CustomTableViewCell.swift in Sources */ = {isa = PBXBuildFile; fileRef = 92F9B4C4230A56170085D033 /* CustomTableViewCell.swift */; };
		92F9B4C8230A56C00085D033 /* DataSource.swift in Sources */ = {isa = PBXBuildFile; fileRef = 92F9B4C7230A56C00085D033 /* DataSource.swift */; };
		D3A86A8C72A02B3C661FD6BD /* Pods_IosAssignmentUITests.framework in Frameworks */ = {isa = PBXBuildFile; fileRef = 5F4BA78BE5F775619F3BFC10 /* Pods_IosAssignmentUITests.framework */; };
		DEEE48AC7EEF009C512948D6 /* Pods_IosAssignmentTests.framework in Frameworks */ = {isa = PBXBuildFile; fileRef = 54F628E0D44E0375ACE95E24 /* Pods_IosAssignmentTests.framework */; };
/* End PBXBuildFile section */

/* Begin PBXContainerItemProxy section */
		92F9B4A4230A39F50085D033 /* PBXContainerItemProxy */ = {
			isa = PBXContainerItemProxy;
			containerPortal = 92F9B487230A39F40085D033 /* Project object */;
			proxyType = 1;
			remoteGlobalIDString = 92F9B48E230A39F40085D033;
			remoteInfo = IosAssignment;
		};
		92F9B4AF230A39F50085D033 /* PBXContainerItemProxy */ = {
			isa = PBXContainerItemProxy;
			containerPortal = 92F9B487230A39F40085D033 /* Project object */;
			proxyType = 1;
			remoteGlobalIDString = 92F9B48E230A39F40085D033;
			remoteInfo = IosAssignment;
		};
/* End PBXContainerItemProxy section */

/* Begin PBXFileReference section */
		54F628E0D44E0375ACE95E24 /* Pods_IosAssignmentTests.framework */ = {isa = PBXFileReference; explicitFileType = wrapper.framework; includeInIndex = 0; path = Pods_IosAssignmentTests.framework; sourceTree = BUILT_PRODUCTS_DIR; };
		5C60F208C73D13878210082B /* Pods_IosAssignment.framework */ = {isa = PBXFileReference; explicitFileType = wrapper.framework; includeInIndex = 0; path = Pods_IosAssignment.framework; sourceTree = BUILT_PRODUCTS_DIR; };
		5F4BA78BE5F775619F3BFC10 /* Pods_IosAssignmentUITests.framework */ = {isa = PBXFileReference; explicitFileType = wrapper.framework; includeInIndex = 0; path = Pods_IosAssignmentUITests.framework; sourceTree = BUILT_PRODUCTS_DIR; };
		62356046C10A9A18277FF84F /* Pods-IosAssignment.release.xcconfig */ = {isa = PBXFileReference; includeInIndex = 1; lastKnownFileType = text.xcconfig; name = "Pods-IosAssignment.release.xcconfig"; path = "Target Support Files/Pods-IosAssignment/Pods-IosAssignment.release.xcconfig"; sourceTree = "<group>"; };
		7BAEDD9F346EF1556E5F293E /* Pods-IosAssignmentTests.debug.xcconfig */ = {isa = PBXFileReference; includeInIndex = 1; lastKnownFileType = text.xcconfig; name = "Pods-IosAssignmentTests.debug.xcconfig"; path = "Target Support Files/Pods-IosAssignmentTests/Pods-IosAssignmentTests.debug.xcconfig"; sourceTree = "<group>"; };
		89F2F32AD5CAE60D4A8B8DCF /* Pods-IosAssignment.debug.xcconfig */ = {isa = PBXFileReference; includeInIndex = 1; lastKnownFileType = text.xcconfig; name = "Pods-IosAssignment.debug.xcconfig"; path = "Target Support Files/Pods-IosAssignment/Pods-IosAssignment.debug.xcconfig"; sourceTree = "<group>"; };
		9266471F230A5E6C003BCD13 /* RowsModel.swift */ = {isa = PBXFileReference; lastKnownFileType = sourcecode.swift; path = RowsModel.swift; sourceTree = "<group>"; };
		92664722230A5E92003BCD13 /* APILayer.swift */ = {isa = PBXFileReference; lastKnownFileType = sourcecode.swift; path = APILayer.swift; sourceTree = "<group>"; };
		92664725230A5EC0003BCD13 /* ProfileViewModel.swift */ = {isa = PBXFileReference; lastKnownFileType = sourcecode.swift; path = ProfileViewModel.swift; sourceTree = "<group>"; };
		92664729230A87A6003BCD13 /* checkInternet.swift */ = {isa = PBXFileReference; lastKnownFileType = sourcecode.swift; path = checkInternet.swift; sourceTree = "<group>"; };
		929E0C48230C69FD00CF35EF /* Title.swift */ = {isa = PBXFileReference; lastKnownFileType = sourcecode.swift; path = Title.swift; sourceTree = "<group>"; };
		92F9B48F230A39F40085D033 /* IosAssignment.app */ = {isa = PBXFileReference; explicitFileType = wrapper.application; includeInIndex = 0; path = IosAssignment.app; sourceTree = BUILT_PRODUCTS_DIR; };
		92F9B492230A39F40085D033 /* AppDelegate.swift */ = {isa = PBXFileReference; lastKnownFileType = sourcecode.swift; path = AppDelegate.swift; sourceTree = "<group>"; };
		92F9B494230A39F40085D033 /* ViewController.swift */ = {isa = PBXFileReference; lastKnownFileType = sourcecode.swift; path = ViewController.swift; sourceTree = "<group>"; };
		92F9B497230A39F40085D033 /* Base */ = {isa = PBXFileReference; lastKnownFileType = file.storyboard; name = Base; path = Base.lproj/Main.storyboard; sourceTree = "<group>"; };
		92F9B499230A39F40085D033 /* Assets.xcassets */ = {isa = PBXFileReference; lastKnownFileType = folder.assetcatalog; path = Assets.xcassets; sourceTree = "<group>"; };
		92F9B49C230A39F40085D033 /* Base */ = {isa = PBXFileReference; lastKnownFileType = file.storyboard; name = Base; path = Base.lproj/LaunchScreen.storyboard; sourceTree = "<group>"; };
		92F9B49E230A39F40085D033 /* Info.plist */ = {isa = PBXFileReference; lastKnownFileType = text.plist.xml; path = Info.plist; sourceTree = "<group>"; };
		92F9B4A3230A39F50085D033 /* IosAssignmentTests.xctest */ = {isa = PBXFileReference; explicitFileType = wrapper.cfbundle; includeInIndex = 0; path = IosAssignmentTests.xctest; sourceTree = BUILT_PRODUCTS_DIR; };
		92F9B4A7230A39F50085D033 /* IosAssignmentTests.swift */ = {isa = PBXFileReference; lastKnownFileType = sourcecode.swift; path = IosAssignmentTests.swift; sourceTree = "<group>"; };
		92F9B4A9230A39F50085D033 /* Info.plist */ = {isa = PBXFileReference; lastKnownFileType = text.plist.xml; path = Info.plist; sourceTree = "<group>"; };
		92F9B4AE230A39F50085D033 /* IosAssignmentUITests.xctest */ = {isa = PBXFileReference; explicitFileType = wrapper.cfbundle; includeInIndex = 0; path = IosAssignmentUITests.xctest; sourceTree = BUILT_PRODUCTS_DIR; };
		92F9B4B2230A39F50085D033 /* IosAssignmentUITests.swift */ = {isa = PBXFileReference; lastKnownFileType = sourcecode.swift; path = IosAssignmentUITests.swift; sourceTree = "<group>"; };
		92F9B4B4230A39F50085D033 /* Info.plist */ = {isa = PBXFileReference; lastKnownFileType = text.plist.xml; path = Info.plist; sourceTree = "<group>"; };
		92F9B4C4230A56170085D033 /* CustomTableViewCell.swift */ = {isa = PBXFileReference; lastKnownFileType = sourcecode.swift; path = CustomTableViewCell.swift; sourceTree = "<group>"; };
		92F9B4C7230A56C00085D033 /* DataSource.swift */ = {isa = PBXFileReference; lastKnownFileType = sourcecode.swift; path = DataSource.swift; sourceTree = "<group>"; };
		B37740EAC51229B6231E9B59 /* Pods-IosAssignmentUITests.release.xcconfig */ = {isa = PBXFileReference; includeInIndex = 1; lastKnownFileType = text.xcconfig; name = "Pods-IosAssignmentUITests.release.xcconfig"; path = "Target Support Files/Pods-IosAssignmentUITests/Pods-IosAssignmentUITests.release.xcconfig"; sourceTree = "<group>"; };
		B3A58D2CF06574CFEA50A685 /* Pods-IosAssignmentTests.release.xcconfig */ = {isa = PBXFileReference; includeInIndex = 1; lastKnownFileType = text.xcconfig; name = "Pods-IosAssignmentTests.release.xcconfig"; path = "Target Support Files/Pods-IosAssignmentTests/Pods-IosAssignmentTests.release.xcconfig"; sourceTree = "<group>"; };
		BB840A9846FB12F327699D63 /* Pods-IosAssignmentUITests.debug.xcconfig */ = {isa = PBXFileReference; includeInIndex = 1; lastKnownFileType = text.xcconfig; name = "Pods-IosAssignmentUITests.debug.xcconfig"; path = "Target Support Files/Pods-IosAssignmentUITests/Pods-IosAssignmentUITests.debug.xcconfig"; sourceTree = "<group>"; };
/* End PBXFileReference section */

/* Begin PBXFrameworksBuildPhase section */
		92F9B48C230A39F40085D033 /* Frameworks */ = {
			isa = PBXFrameworksBuildPhase;
			buildActionMask = 2147483647;
			files = (
				4E09F0B5BAFAA4E74C3D21A1 /* Pods_IosAssignment.framework in Frameworks */,
			);
			runOnlyForDeploymentPostprocessing = 0;
		};
		92F9B4A0230A39F50085D033 /* Frameworks */ = {
			isa = PBXFrameworksBuildPhase;
			buildActionMask = 2147483647;
			files = (
				DEEE48AC7EEF009C512948D6 /* Pods_IosAssignmentTests.framework in Frameworks */,
			);
			runOnlyForDeploymentPostprocessing = 0;
		};
		92F9B4AB230A39F50085D033 /* Frameworks */ = {
			isa = PBXFrameworksBuildPhase;
			buildActionMask = 2147483647;
			files = (
				D3A86A8C72A02B3C661FD6BD /* Pods_IosAssignmentUITests.framework in Frameworks */,
			);
			runOnlyForDeploymentPostprocessing = 0;
		};
/* End PBXFrameworksBuildPhase section */

/* Begin PBXGroup section */
		56257DD3C600177D9E3C4EF2 /* Frameworks */ = {
			isa = PBXGroup;
			children = (
				5C60F208C73D13878210082B /* Pods_IosAssignment.framework */,
				54F628E0D44E0375ACE95E24 /* Pods_IosAssignmentTests.framework */,
				5F4BA78BE5F775619F3BFC10 /* Pods_IosAssignmentUITests.framework */,
			);
			name = Frameworks;
			sourceTree = "<group>";
		};
		9266471C230A5E1D003BCD13 /* Model */ = {
			isa = PBXGroup;
			children = (
				9266471F230A5E6C003BCD13 /* RowsModel.swift */,
				929E0C48230C69FD00CF35EF /* Title.swift */,
			);
			path = Model;
			sourceTree = "<group>";
		};
		92664721230A5E74003BCD13 /* APILayer */ = {
			isa = PBXGroup;
			children = (
				92664722230A5E92003BCD13 /* APILayer.swift */,
			);
			path = APILayer;
			sourceTree = "<group>";
		};
		92664724230A5EA3003BCD13 /* ViewModel */ = {
			isa = PBXGroup;
			children = (
				92664725230A5EC0003BCD13 /* ProfileViewModel.swift */,
			);
			path = ViewModel;
			sourceTree = "<group>";
		};
		92F9B486230A39F30085D033 = {
			isa = PBXGroup;
			children = (
				92F9B491230A39F40085D033 /* IosAssignment */,
				92F9B4A6230A39F50085D033 /* IosAssignmentTests */,
				92F9B4B1230A39F50085D033 /* IosAssignmentUITests */,
				92F9B490230A39F40085D033 /* Products */,
				CFFC7ABB660695C9EE855C47 /* Pods */,
				56257DD3C600177D9E3C4EF2 /* Frameworks */,
			);
			sourceTree = "<group>";
		};
		92F9B490230A39F40085D033 /* Products */ = {
			isa = PBXGroup;
			children = (
				92F9B48F230A39F40085D033 /* IosAssignment.app */,
				92F9B4A3230A39F50085D033 /* IosAssignmentTests.xctest */,
				92F9B4AE230A39F50085D033 /* IosAssignmentUITests.xctest */,
			);
			name = Products;
			sourceTree = "<group>";
		};
		92F9B491230A39F40085D033 /* IosAssignment */ = {
			isa = PBXGroup;
			children = (
				92664724230A5EA3003BCD13 /* ViewModel */,
				92664721230A5E74003BCD13 /* APILayer */,
				9266471C230A5E1D003BCD13 /* Model */,
				92F9B4C6230A56AA0085D033 /* DataSource */,
				92F9B492230A39F40085D033 /* AppDelegate.swift */,
				92F9B494230A39F40085D033 /* ViewController.swift */,
				92F9B4C4230A56170085D033 /* CustomTableViewCell.swift */,
				92664729230A87A6003BCD13 /* checkInternet.swift */,
				92F9B496230A39F40085D033 /* Main.storyboard */,
				92F9B499230A39F40085D033 /* Assets.xcassets */,
				92F9B49B230A39F40085D033 /* LaunchScreen.storyboard */,
				92F9B49E230A39F40085D033 /* Info.plist */,
			);
			path = IosAssignment;
			sourceTree = "<group>";
		};
		92F9B4A6230A39F50085D033 /* IosAssignmentTests */ = {
			isa = PBXGroup;
			children = (
				92F9B4A7230A39F50085D033 /* IosAssignmentTests.swift */,
				92F9B4A9230A39F50085D033 /* Info.plist */,
			);
			path = IosAssignmentTests;
			sourceTree = "<group>";
		};
		92F9B4B1230A39F50085D033 /* IosAssignmentUITests */ = {
			isa = PBXGroup;
			children = (
				92F9B4B2230A39F50085D033 /* IosAssignmentUITests.swift */,
				92F9B4B4230A39F50085D033 /* Info.plist */,
			);
			path = IosAssignmentUITests;
			sourceTree = "<group>";
		};
		92F9B4C6230A56AA0085D033 /* DataSource */ = {
			isa = PBXGroup;
			children = (
				92F9B4C7230A56C00085D033 /* DataSource.swift */,
			);
			path = DataSource;
			sourceTree = "<group>";
		};
		CFFC7ABB660695C9EE855C47 /* Pods */ = {
			isa = PBXGroup;
			children = (
				89F2F32AD5CAE60D4A8B8DCF /* Pods-IosAssignment.debug.xcconfig */,
				62356046C10A9A18277FF84F /* Pods-IosAssignment.release.xcconfig */,
				7BAEDD9F346EF1556E5F293E /* Pods-IosAssignmentTests.debug.xcconfig */,
				B3A58D2CF06574CFEA50A685 /* Pods-IosAssignmentTests.release.xcconfig */,
				BB840A9846FB12F327699D63 /* Pods-IosAssignmentUITests.debug.xcconfig */,
				B37740EAC51229B6231E9B59 /* Pods-IosAssignmentUITests.release.xcconfig */,
			);
			path = Pods;
			sourceTree = "<group>";
		};
/* End PBXGroup section */

/* Begin PBXNativeTarget section */
		92F9B48E230A39F40085D033 /* IosAssignment */ = {
			isa = PBXNativeTarget;
			buildConfigurationList = 92F9B4B7230A39F50085D033 /* Build configuration list for PBXNativeTarget "IosAssignment" */;
			buildPhases = (
				92D93025230D6A1700AD04B1 /* ShellScript */,
				45F6E8A07CC450D7C2794CFC /* [CP] Check Pods Manifest.lock */,
				92F9B48B230A39F40085D033 /* Sources */,
				92F9B48C230A39F40085D033 /* Frameworks */,
				92F9B48D230A39F40085D033 /* Resources */,
			);
			buildRules = (
			);
			dependencies = (
			);
			name = IosAssignment;
			productName = IosAssignment;
			productReference = 92F9B48F230A39F40085D033 /* IosAssignment.app */;
			productType = "com.apple.product-type.application";
		};
		92F9B4A2230A39F50085D033 /* IosAssignmentTests */ = {
			isa = PBXNativeTarget;
			buildConfigurationList = 92F9B4BA230A39F50085D033 /* Build configuration list for PBXNativeTarget "IosAssignmentTests" */;
			buildPhases = (
				EA72B3CF1C6C2BE8CD7B15A8 /* [CP] Check Pods Manifest.lock */,
				92F9B49F230A39F50085D033 /* Sources */,
				92F9B4A0230A39F50085D033 /* Frameworks */,
				92F9B4A1230A39F50085D033 /* Resources */,
			);
			buildRules = (
			);
			dependencies = (
				92F9B4A5230A39F50085D033 /* PBXTargetDependency */,
			);
			name = IosAssignmentTests;
			productName = IosAssignmentTests;
			productReference = 92F9B4A3230A39F50085D033 /* IosAssignmentTests.xctest */;
			productType = "com.apple.product-type.bundle.unit-test";
		};
		92F9B4AD230A39F50085D033 /* IosAssignmentUITests */ = {
			isa = PBXNativeTarget;
			buildConfigurationList = 92F9B4BD230A39F50085D033 /* Build configuration list for PBXNativeTarget "IosAssignmentUITests" */;
			buildPhases = (
				8F341FD8E7714657B0F13D44 /* [CP] Check Pods Manifest.lock */,
				92F9B4AA230A39F50085D033 /* Sources */,
				92F9B4AB230A39F50085D033 /* Frameworks */,
				92F9B4AC230A39F50085D033 /* Resources */,
			);
			buildRules = (
			);
			dependencies = (
				92F9B4B0230A39F50085D033 /* PBXTargetDependency */,
			);
			name = IosAssignmentUITests;
			productName = IosAssignmentUITests;
			productReference = 92F9B4AE230A39F50085D033 /* IosAssignmentUITests.xctest */;
			productType = "com.apple.product-type.bundle.ui-testing";
		};
/* End PBXNativeTarget section */

/* Begin PBXProject section */
		92F9B487230A39F40085D033 /* Project object */ = {
			isa = PBXProject;
			attributes = {
				LastSwiftUpdateCheck = 1020;
				LastUpgradeCheck = 1020;
				ORGANIZATIONNAME = "kathiravan Raju";
				TargetAttributes = {
					92F9B48E230A39F40085D033 = {
						CreatedOnToolsVersion = 10.2;
					};
					92F9B4A2230A39F50085D033 = {
						CreatedOnToolsVersion = 10.2;
						TestTargetID = 92F9B48E230A39F40085D033;
					};
					92F9B4AD230A39F50085D033 = {
						CreatedOnToolsVersion = 10.2;
						TestTargetID = 92F9B48E230A39F40085D033;
					};
				};
			};
			buildConfigurationList = 92F9B48A230A39F40085D033 /* Build configuration list for PBXProject "IosAssignment" */;
			compatibilityVersion = "Xcode 9.3";
			developmentRegion = en;
			hasScannedForEncodings = 0;
			knownRegions = (
				en,
				Base,
			);
			mainGroup = 92F9B486230A39F30085D033;
			productRefGroup = 92F9B490230A39F40085D033 /* Products */;
			projectDirPath = "";
			projectRoot = "";
			targets = (
				92F9B48E230A39F40085D033 /* IosAssignment */,
				92F9B4A2230A39F50085D033 /* IosAssignmentTests */,
				92F9B4AD230A39F50085D033 /* IosAssignmentUITests */,
			);
		};
/* End PBXProject section */

/* Begin PBXResourcesBuildPhase section */
		92F9B48D230A39F40085D033 /* Resources */ = {
			isa = PBXResourcesBuildPhase;
			buildActionMask = 2147483647;
			files = (
				92F9B49D230A39F40085D033 /* LaunchScreen.storyboard in Resources */,
				92F9B49A230A39F40085D033 /* Assets.xcassets in Resources */,
				92F9B498230A39F40085D033 /* Main.storyboard in Resources */,
			);
			runOnlyForDeploymentPostprocessing = 0;
		};
		92F9B4A1230A39F50085D033 /* Resources */ = {
			isa = PBXResourcesBuildPhase;
			buildActionMask = 2147483647;
			files = (
			);
			runOnlyForDeploymentPostprocessing = 0;
		};
		92F9B4AC230A39F50085D033 /* Resources */ = {
			isa = PBXResourcesBuildPhase;
			buildActionMask = 2147483647;
			files = (
			);
			runOnlyForDeploymentPostprocessing = 0;
		};
/* End PBXResourcesBuildPhase section */

/* Begin PBXShellScriptBuildPhase section */
		45F6E8A07CC450D7C2794CFC /* [CP] Check Pods Manifest.lock */ = {
			isa = PBXShellScriptBuildPhase;
			buildActionMask = 2147483647;
			files = (
			);
			inputFileListPaths = (
			);
			inputPaths = (
				"${PODS_PODFILE_DIR_PATH}/Podfile.lock",
				"${PODS_ROOT}/Manifest.lock",
			);
			name = "[CP] Check Pods Manifest.lock";
			outputFileListPaths = (
			);
			outputPaths = (
				"$(DERIVED_FILE_DIR)/Pods-IosAssignment-checkManifestLockResult.txt",
			);
			runOnlyForDeploymentPostprocessing = 0;
			shellPath = /bin/sh;
			shellScript = "diff \"${PODS_PODFILE_DIR_PATH}/Podfile.lock\" \"${PODS_ROOT}/Manifest.lock\" > /dev/null\nif [ $? != 0 ] ; then\n    # print error to STDERR\n    echo \"error: The sandbox is not in sync with the Podfile.lock. Run 'pod install' or update your CocoaPods installation.\" >&2\n    exit 1\nfi\n# This output is used by Xcode 'outputs' to avoid re-running this script phase.\necho \"SUCCESS\" > \"${SCRIPT_OUTPUT_FILE_0}\"\n";
			showEnvVarsInLog = 0;
		};
		8F341FD8E7714657B0F13D44 /* [CP] Check Pods Manifest.lock */ = {
			isa = PBXShellScriptBuildPhase;
			buildActionMask = 2147483647;
			files = (
			);
			inputFileListPaths = (
			);
			inputPaths = (
				"${PODS_PODFILE_DIR_PATH}/Podfile.lock",
				"${PODS_ROOT}/Manifest.lock",
			);
			name = "[CP] Check Pods Manifest.lock";
			outputFileListPaths = (
			);
			outputPaths = (
				"$(DERIVED_FILE_DIR)/Pods-IosAssignmentUITests-checkManifestLockResult.txt",
			);
			runOnlyForDeploymentPostprocessing = 0;
			shellPath = /bin/sh;
			shellScript = "diff \"${PODS_PODFILE_DIR_PATH}/Podfile.lock\" \"${PODS_ROOT}/Manifest.lock\" > /dev/null\nif [ $? != 0 ] ; then\n    # print error to STDERR\n    echo \"error: The sandbox is not in sync with the Podfile.lock. Run 'pod install' or update your CocoaPods installation.\" >&2\n    exit 1\nfi\n# This output is used by Xcode 'outputs' to avoid re-running this script phase.\necho \"SUCCESS\" > \"${SCRIPT_OUTPUT_FILE_0}\"\n";
			showEnvVarsInLog = 0;
		};
		92D93025230D6A1700AD04B1 /* ShellScript */ = {
			isa = PBXShellScriptBuildPhase;
			buildActionMask = 2147483647;
			files = (
			);
			inputFileListPaths = (
			);
			inputPaths = (
			);
			outputFileListPaths = (
			);
			outputPaths = (
			);
			runOnlyForDeploymentPostprocessing = 0;
			shellPath = /bin/sh;
			shellScript = "\"${PODS_ROOT}/SwiftLint/swiftlint\"\n";
		};
		EA72B3CF1C6C2BE8CD7B15A8 /* [CP] Check Pods Manifest.lock */ = {
			isa = PBXShellScriptBuildPhase;
			buildActionMask = 2147483647;
			files = (
			);
			inputFileListPaths = (
			);
			inputPaths = (
				"${PODS_PODFILE_DIR_PATH}/Podfile.lock",
				"${PODS_ROOT}/Manifest.lock",
			);
			name = "[CP] Check Pods Manifest.lock";
			outputFileListPaths = (
			);
			outputPaths = (
				"$(DERIVED_FILE_DIR)/Pods-IosAssignmentTests-checkManifestLockResult.txt",
			);
			runOnlyForDeploymentPostprocessing = 0;
			shellPath = /bin/sh;
			shellScript = "diff \"${PODS_PODFILE_DIR_PATH}/Podfile.lock\" \"${PODS_ROOT}/Manifest.lock\" > /dev/null\nif [ $? != 0 ] ; then\n    # print error to STDERR\n    echo \"error: The sandbox is not in sync with the Podfile.lock. Run 'pod install' or update your CocoaPods installation.\" >&2\n    exit 1\nfi\n# This output is used by Xcode 'outputs' to avoid re-running this script phase.\necho \"SUCCESS\" > \"${SCRIPT_OUTPUT_FILE_0}\"\n";
			showEnvVarsInLog = 0;
		};
/* End PBXShellScriptBuildPhase section */

/* Begin PBXSourcesBuildPhase section */
		92F9B48B230A39F40085D033 /* Sources */ = {
			isa = PBXSourcesBuildPhase;
			buildActionMask = 2147483647;
			files = (
				92F9B495230A39F40085D033 /* ViewController.swift in Sources */,
				92F9B4C5230A56170085D033 /* CustomTableViewCell.swift in Sources */,
				929E0C49230C69FD00CF35EF /* Title.swift in Sources */,
				92664720230A5E6C003BCD13 /* RowsModel.swift in Sources */,
				92F9B4C8230A56C00085D033 /* DataSource.swift in Sources */,
				92664723230A5E92003BCD13 /* APILayer.swift in Sources */,
				9266472A230A87A6003BCD13 /* checkInternet.swift in Sources */,
				92F9B493230A39F40085D033 /* AppDelegate.swift in Sources */,
				92664726230A5EC0003BCD13 /* ProfileViewModel.swift in Sources */,
			);
			runOnlyForDeploymentPostprocessing = 0;
		};
		92F9B49F230A39F50085D033 /* Sources */ = {
			isa = PBXSourcesBuildPhase;
			buildActionMask = 2147483647;
			files = (
				92F9B4A8230A39F50085D033 /* IosAssignmentTests.swift in Sources */,
			);
			runOnlyForDeploymentPostprocessing = 0;
		};
		92F9B4AA230A39F50085D033 /* Sources */ = {
			isa = PBXSourcesBuildPhase;
			buildActionMask = 2147483647;
			files = (
				92F9B4B3230A39F50085D033 /* IosAssignmentUITests.swift in Sources */,
			);
			runOnlyForDeploymentPostprocessing = 0;
		};
/* End PBXSourcesBuildPhase section */

/* Begin PBXTargetDependency section */
		92F9B4A5230A39F50085D033 /* PBXTargetDependency */ = {
			isa = PBXTargetDependency;
			target = 92F9B48E230A39F40085D033 /* IosAssignment */;
			targetProxy = 92F9B4A4230A39F50085D033 /* PBXContainerItemProxy */;
		};
		92F9B4B0230A39F50085D033 /* PBXTargetDependency */ = {
			isa = PBXTargetDependency;
			target = 92F9B48E230A39F40085D033 /* IosAssignment */;
			targetProxy = 92F9B4AF230A39F50085D033 /* PBXContainerItemProxy */;
		};
/* End PBXTargetDependency section */

/* Begin PBXVariantGroup section */
		92F9B496230A39F40085D033 /* Main.storyboard */ = {
			isa = PBXVariantGroup;
			children = (
				92F9B497230A39F40085D033 /* Base */,
			);
			name = Main.storyboard;
			sourceTree = "<group>";
		};
		92F9B49B230A39F40085D033 /* LaunchScreen.storyboard */ = {
			isa = PBXVariantGroup;
			children = (
				92F9B49C230A39F40085D033 /* Base */,
			);
			name = LaunchScreen.storyboard;
			sourceTree = "<group>";
		};
/* End PBXVariantGroup section */

/* Begin XCBuildConfiguration section */
		92F9B4B5230A39F50085D033 /* Debug */ = {
			isa = XCBuildConfiguration;
			buildSettings = {
				ALWAYS_SEARCH_USER_PATHS = NO;
				CLANG_ANALYZER_NONNULL = YES;
				CLANG_ANALYZER_NUMBER_OBJECT_CONVERSION = YES_AGGRESSIVE;
				CLANG_CXX_LANGUAGE_STANDARD = "gnu++14";
				CLANG_CXX_LIBRARY = "libc++";
				CLANG_ENABLE_MODULES = YES;
				CLANG_ENABLE_OBJC_ARC = YES;
				CLANG_ENABLE_OBJC_WEAK = YES;
				CLANG_WARN_BLOCK_CAPTURE_AUTORELEASING = YES;
				CLANG_WARN_BOOL_CONVERSION = YES;
				CLANG_WARN_COMMA = YES;
				CLANG_WARN_CONSTANT_CONVERSION = YES;
				CLANG_WARN_DEPRECATED_OBJC_IMPLEMENTATIONS = YES;
				CLANG_WARN_DIRECT_OBJC_ISA_USAGE = YES_ERROR;
				CLANG_WARN_DOCUMENTATION_COMMENTS = YES;
				CLANG_WARN_EMPTY_BODY = YES;
				CLANG_WARN_ENUM_CONVERSION = YES;
				CLANG_WARN_INFINITE_RECURSION = YES;
				CLANG_WARN_INT_CONVERSION = YES;
				CLANG_WARN_NON_LITERAL_NULL_CONVERSION = YES;
				CLANG_WARN_OBJC_IMPLICIT_RETAIN_SELF = YES;
				CLANG_WARN_OBJC_LITERAL_CONVERSION = YES;
				CLANG_WARN_OBJC_ROOT_CLASS = YES_ERROR;
				CLANG_WARN_RANGE_LOOP_ANALYSIS = YES;
				CLANG_WARN_STRICT_PROTOTYPES = YES;
				CLANG_WARN_SUSPICIOUS_MOVE = YES;
				CLANG_WARN_UNGUARDED_AVAILABILITY = YES_AGGRESSIVE;
				CLANG_WARN_UNREACHABLE_CODE = YES;
				CLANG_WARN__DUPLICATE_METHOD_MATCH = YES;
				CODE_SIGN_IDENTITY = "iPhone Developer";
				COPY_PHASE_STRIP = NO;
				DEBUG_INFORMATION_FORMAT = dwarf;
				ENABLE_STRICT_OBJC_MSGSEND = YES;
				ENABLE_TESTABILITY = YES;
				GCC_C_LANGUAGE_STANDARD = gnu11;
				GCC_DYNAMIC_NO_PIC = NO;
				GCC_NO_COMMON_BLOCKS = YES;
				GCC_OPTIMIZATION_LEVEL = 0;
				GCC_PREPROCESSOR_DEFINITIONS = (
					"DEBUG=1",
					"$(inherited)",
				);
				GCC_WARN_64_TO_32_BIT_CONVERSION = YES;
				GCC_WARN_ABOUT_RETURN_TYPE = YES_ERROR;
				GCC_WARN_UNDECLARED_SELECTOR = YES;
				GCC_WARN_UNINITIALIZED_AUTOS = YES_AGGRESSIVE;
				GCC_WARN_UNUSED_FUNCTION = YES;
				GCC_WARN_UNUSED_VARIABLE = YES;
				IPHONEOS_DEPLOYMENT_TARGET = 12.2;
				MTL_ENABLE_DEBUG_INFO = INCLUDE_SOURCE;
				MTL_FAST_MATH = YES;
				ONLY_ACTIVE_ARCH = YES;
				SDKROOT = iphoneos;
				SWIFT_ACTIVE_COMPILATION_CONDITIONS = DEBUG;
				SWIFT_OPTIMIZATION_LEVEL = "-Onone";
			};
			name = Debug;
		};
		92F9B4B6230A39F50085D033 /* Release */ = {
			isa = XCBuildConfiguration;
			buildSettings = {
				ALWAYS_SEARCH_USER_PATHS = NO;
				CLANG_ANALYZER_NONNULL = YES;
				CLANG_ANALYZER_NUMBER_OBJECT_CONVERSION = YES_AGGRESSIVE;
				CLANG_CXX_LANGUAGE_STANDARD = "gnu++14";
				CLANG_CXX_LIBRARY = "libc++";
				CLANG_ENABLE_MODULES = YES;
				CLANG_ENABLE_OBJC_ARC = YES;
				CLANG_ENABLE_OBJC_WEAK = YES;
				CLANG_WARN_BLOCK_CAPTURE_AUTORELEASING = YES;
				CLANG_WARN_BOOL_CONVERSION = YES;
				CLANG_WARN_COMMA = YES;
				CLANG_WARN_CONSTANT_CONVERSION = YES;
				CLANG_WARN_DEPRECATED_OBJC_IMPLEMENTATIONS = YES;
				CLANG_WARN_DIRECT_OBJC_ISA_USAGE = YES_ERROR;
				CLANG_WARN_DOCUMENTATION_COMMENTS = YES;
				CLANG_WARN_EMPTY_BODY = YES;
				CLANG_WARN_ENUM_CONVERSION = YES;
				CLANG_WARN_INFINITE_RECURSION = YES;
				CLANG_WARN_INT_CONVERSION = YES;
				CLANG_WARN_NON_LITERAL_NULL_CONVERSION = YES;
				CLANG_WARN_OBJC_IMPLICIT_RETAIN_SELF = YES;
				CLANG_WARN_OBJC_LITERAL_CONVERSION = YES;
				CLANG_WARN_OBJC_ROOT_CLASS = YES_ERROR;
				CLANG_WARN_RANGE_LOOP_ANALYSIS = YES;
				CLANG_WARN_STRICT_PROTOTYPES = YES;
				CLANG_WARN_SUSPICIOUS_MOVE = YES;
				CLANG_WARN_UNGUARDED_AVAILABILITY = YES_AGGRESSIVE;
				CLANG_WARN_UNREACHABLE_CODE = YES;
				CLANG_WARN__DUPLICATE_METHOD_MATCH = YES;
				CODE_SIGN_IDENTITY = "iPhone Developer";
				COPY_PHASE_STRIP = NO;
				DEBUG_INFORMATION_FORMAT = "dwarf-with-dsym";
				ENABLE_NS_ASSERTIONS = NO;
				ENABLE_STRICT_OBJC_MSGSEND = YES;
				GCC_C_LANGUAGE_STANDARD = gnu11;
				GCC_NO_COMMON_BLOCKS = YES;
				GCC_WARN_64_TO_32_BIT_CONVERSION = YES;
				GCC_WARN_ABOUT_RETURN_TYPE = YES_ERROR;
				GCC_WARN_UNDECLARED_SELECTOR = YES;
				GCC_WARN_UNINITIALIZED_AUTOS = YES_AGGRESSIVE;
				GCC_WARN_UNUSED_FUNCTION = YES;
				GCC_WARN_UNUSED_VARIABLE = YES;
				IPHONEOS_DEPLOYMENT_TARGET = 12.2;
				MTL_ENABLE_DEBUG_INFO = NO;
				MTL_FAST_MATH = YES;
				SDKROOT = iphoneos;
				SWIFT_COMPILATION_MODE = wholemodule;
				SWIFT_OPTIMIZATION_LEVEL = "-O";
				VALIDATE_PRODUCT = YES;
			};
			name = Release;
		};
		92F9B4B8230A39F50085D033 /* Debug */ = {
			isa = XCBuildConfiguration;
			baseConfigurationReference = 89F2F32AD5CAE60D4A8B8DCF /* Pods-IosAssignment.debug.xcconfig */;
			buildSettings = {
				ASSETCATALOG_COMPILER_APPICON_NAME = AppIcon;
				CODE_SIGN_STYLE = Automatic;
				DEVELOPMENT_TEAM = RD28NE4PDP;
				INFOPLIST_FILE = IosAssignment/Info.plist;
				LD_RUNPATH_SEARCH_PATHS = (
					"$(inherited)",
					"@executable_path/Frameworks",
				);
				PRODUCT_BUNDLE_IDENTIFIER = com.MyProject.IosAssignment;
				PRODUCT_NAME = "$(TARGET_NAME)";
				SWIFT_VERSION = 5.0;
				TARGETED_DEVICE_FAMILY = "1,2";
			};
			name = Debug;
		};
		92F9B4B9230A39F50085D033 /* Release */ = {
			isa = XCBuildConfiguration;
			baseConfigurationReference = 62356046C10A9A18277FF84F /* Pods-IosAssignment.release.xcconfig */;
			buildSettings = {
				ASSETCATALOG_COMPILER_APPICON_NAME = AppIcon;
				CODE_SIGN_STYLE = Automatic;
				DEVELOPMENT_TEAM = RD28NE4PDP;
				INFOPLIST_FILE = IosAssignment/Info.plist;
				LD_RUNPATH_SEARCH_PATHS = (
					"$(inherited)",
					"@executable_path/Frameworks",
				);
				PRODUCT_BUNDLE_IDENTIFIER = com.MyProject.IosAssignment;
				PRODUCT_NAME = "$(TARGET_NAME)";
				SWIFT_VERSION = 5.0;
				TARGETED_DEVICE_FAMILY = "1,2";
			};
			name = Release;
		};
		92F9B4BB230A39F50085D033 /* Debug */ = {
			isa = XCBuildConfiguration;
			baseConfigurationReference = 7BAEDD9F346EF1556E5F293E /* Pods-IosAssignmentTests.debug.xcconfig */;
			buildSettings = {
				ALWAYS_EMBED_SWIFT_STANDARD_LIBRARIES = YES;
				BUNDLE_LOADER = "$(TEST_HOST)";
				CODE_SIGN_STYLE = Automatic;
				DEVELOPMENT_TEAM = RD28NE4PDP;
				INFOPLIST_FILE = IosAssignmentTests/Info.plist;
				LD_RUNPATH_SEARCH_PATHS = (
					"$(inherited)",
					"@executable_path/Frameworks",
					"@loader_path/Frameworks",
				);
				PRODUCT_BUNDLE_IDENTIFIER = com.MyProject.IosAssignmentTests;
				PRODUCT_NAME = "$(TARGET_NAME)";
				SWIFT_VERSION = 5.0;
				TARGETED_DEVICE_FAMILY = "1,2";
				TEST_HOST = "$(BUILT_PRODUCTS_DIR)/IosAssignment.app/IosAssignment";
			};
			name = Debug;
		};
		92F9B4BC230A39F50085D033 /* Release */ = {
			isa = XCBuildConfiguration;
			baseConfigurationReference = B3A58D2CF06574CFEA50A685 /* Pods-IosAssignmentTests.release.xcconfig */;
			buildSettings = {
				ALWAYS_EMBED_SWIFT_STANDARD_LIBRARIES = YES;
				BUNDLE_LOADER = "$(TEST_HOST)";
				CODE_SIGN_STYLE = Automatic;
				DEVELOPMENT_TEAM = RD28NE4PDP;
				INFOPLIST_FILE = IosAssignmentTests/Info.plist;
				LD_RUNPATH_SEARCH_PATHS = (
					"$(inherited)",
					"@executable_path/Frameworks",
					"@loader_path/Frameworks",
				);
				PRODUCT_BUNDLE_IDENTIFIER = com.MyProject.IosAssignmentTests;
				PRODUCT_NAME = "$(TARGET_NAME)";
				SWIFT_VERSION = 5.0;
				TARGETED_DEVICE_FAMILY = "1,2";
				TEST_HOST = "$(BUILT_PRODUCTS_DIR)/IosAssignment.app/IosAssignment";
			};
			name = Release;
		};
		92F9B4BE230A39F50085D033 /* Debug */ = {
			isa = XCBuildConfiguration;
			baseConfigurationReference = BB840A9846FB12F327699D63 /* Pods-IosAssignmentUITests.debug.xcconfig */;
			buildSettings = {
				ALWAYS_EMBED_SWIFT_STANDARD_LIBRARIES = YES;
				CODE_SIGN_STYLE = Automatic;
				DEVELOPMENT_TEAM = RD28NE4PDP;
				INFOPLIST_FILE = IosAssignmentUITests/Info.plist;
				LD_RUNPATH_SEARCH_PATHS = (
					"$(inherited)",
					"@executable_path/Frameworks",
					"@loader_path/Frameworks",
				);
				PRODUCT_BUNDLE_IDENTIFIER = com.MyProject.IosAssignmentUITests;
				PRODUCT_NAME = "$(TARGET_NAME)";
				SWIFT_VERSION = 5.0;
				TARGETED_DEVICE_FAMILY = "1,2";
				TEST_TARGET_NAME = IosAssignment;
			};
			name = Debug;
		};
		92F9B4BF230A39F50085D033 /* Release */ = {
			isa = XCBuildConfiguration;
			baseConfigurationReference = B37740EAC51229B6231E9B59 /* Pods-IosAssignmentUITests.release.xcconfig */;
			buildSettings = {
				ALWAYS_EMBED_SWIFT_STANDARD_LIBRARIES = YES;
				CODE_SIGN_STYLE = Automatic;
				DEVELOPMENT_TEAM = RD28NE4PDP;
				INFOPLIST_FILE = IosAssignmentUITests/Info.plist;
				LD_RUNPATH_SEARCH_PATHS = (
					"$(inherited)",
					"@executable_path/Frameworks",
					"@loader_path/Frameworks",
				);
				PRODUCT_BUNDLE_IDENTIFIER = com.MyProject.IosAssignmentUITests;
				PRODUCT_NAME = "$(TARGET_NAME)";
				SWIFT_VERSION = 5.0;
				TARGETED_DEVICE_FAMILY = "1,2";
				TEST_TARGET_NAME = IosAssignment;
			};
			name = Release;
		};
/* End XCBuildConfiguration section */

/* Begin XCConfigurationList section */
		92F9B48A230A39F40085D033 /* Build configuration list for PBXProject "IosAssignment" */ = {
			isa = XCConfigurationList;
			buildConfigurations = (
				92F9B4B5230A39F50085D033 /* Debug */,
				92F9B4B6230A39F50085D033 /* Release */,
			);
			defaultConfigurationIsVisible = 0;
			defaultConfigurationName = Release;
		};
		92F9B4B7230A39F50085D033 /* Build configuration list for PBXNativeTarget "IosAssignment" */ = {
			isa = XCConfigurationList;
			buildConfigurations = (
				92F9B4B8230A39F50085D033 /* Debug */,
				92F9B4B9230A39F50085D033 /* Release */,
			);
			defaultConfigurationIsVisible = 0;
			defaultConfigurationName = Release;
		};
		92F9B4BA230A39F50085D033 /* Build configuration list for PBXNativeTarget "IosAssignmentTests" */ = {
			isa = XCConfigurationList;
			buildConfigurations = (
				92F9B4BB230A39F50085D033 /* Debug */,
				92F9B4BC230A39F50085D033 /* Release */,
			);
			defaultConfigurationIsVisible = 0;
			defaultConfigurationName = Release;
		};
		92F9B4BD230A39F50085D033 /* Build configuration list for PBXNativeTarget "IosAssignmentUITests" */ = {
			isa = XCConfigurationList;
			buildConfigurations = (
				92F9B4BE230A39F50085D033 /* Debug */,
				92F9B4BF230A39F50085D033 /* Release */,
			);
			defaultConfigurationIsVisible = 0;
			defaultConfigurationName = Release;
		};
/* End XCConfigurationList section */
	};
	rootObject = 92F9B487230A39F40085D033 /* Project object */;
}
